
Microsoft Visual Studio Solution File, Format Version 12.00
# Visual Studio 15
VisualStudioVersion = 15.0.28307.539
MinimumVisualStudioVersion = 10.0.40219.1
Project("{FAE04EC0-301F-11D3-BF4B-00C04F79EFBC}") = "FileManagement", "FileManagement\FileManagement.csproj", "{5FEB0645-D7D9-43D2-A2F8-427D4ECABA95}"
EndProject
Global
	GlobalSection(SolutionConfigurationPlatforms) = preSolution
		Debug|Any CPU = Debug|Any CPU
		Release|Any CPU = Release|Any CPU
	EndGlobalSection
	GlobalSection(ProjectConfigurationPlatforms) = postSolution
		{5FEB0645-D7D9-43D2-A2F8-427D4ECABA95}.Debug|Any CPU.ActiveCfg = Debug|Any CPU
		{5FEB0645-D7D9-43D2-A2F8-427D4ECABA95}.Debug|Any CPU.Build.0 = Debug|Any CPU
		{5FEB0645-D7D9-43D2-A2F8-427D4ECABA95}.Release|Any CPU.ActiveCfg = Release|Any CPU
		{5FEB0645-D7D9-43D2-A2F8-427D4ECABA95}.Release|Any CPU.Build.0 = Release|Any CPU
	EndGlobalSection
	GlobalSection(SolutionProperties) = preSolution
		HideSolutionNode = FALSE
	EndGlobalSection
	GlobalSection(ExtensibilityGlobals) = postSolution
		SolutionGuid = {F791F3F8-6B79-41A2-9558-47529643E251}
	EndGlobalSection
EndGlobal
